
Microsoft Visual Studio Solution File, Format Version 12.00
# Visual Studio 15
VisualStudioVersion = 15.0.28307.438
MinimumVisualStudioVersion = 10.0.40219.1
Project("{FAE04EC0-301F-11D3-BF4B-00C04F79EFBC}") = "Printer", "Printer\Printer.csproj", "{A5A4CA1D-4760-4D10-820F-ECC776E0C189}"
EndProject
Global
	GlobalSection(SolutionConfigurationPlatforms) = preSolution
		Debug|Any CPU = Debug|Any CPU
		Debug|x64 = Debug|x64
		Debug|x86 = Debug|x86
		Release|Any CPU = Release|Any CPU
		Release|x64 = Release|x64
		Release|x86 = Release|x86
	EndGlobalSection
	GlobalSection(ProjectConfigurationPlatforms) = postSolution
		{A5A4CA1D-4760-4D10-820F-ECC776E0C189}.Debug|Any CPU.ActiveCfg = Debug|Any CPU
		{A5A4CA1D-4760-4D10-820F-ECC776E0C189}.Debug|Any CPU.Build.0 = Debug|Any CPU
		{A5A4CA1D-4760-4D10-820F-ECC776E0C189}.Debug|x64.ActiveCfg = Debug|Any CPU
		{A5A4CA1D-4760-4D10-820F-ECC776E0C189}.Debug|x64.Build.0 = Debug|Any CPU
		{A5A4CA1D-4760-4D10-820F-ECC776E0C189}.Debug|x86.ActiveCfg = Debug|Any CPU
		{A5A4CA1D-4760-4D10-820F-ECC776E0C189}.Debug|x86.Build.0 = Debug|Any CPU
		{A5A4CA1D-4760-4D10-820F-ECC776E0C189}.Release|Any CPU.ActiveCfg = Release|Any CPU
		{A5A4CA1D-4760-4D10-820F-ECC776E0C189}.Release|Any CPU.Build.0 = Release|Any CPU
		{A5A4CA1D-4760-4D10-820F-ECC776E0C189}.Release|x64.ActiveCfg = Release|Any CPU
		{A5A4CA1D-4760-4D10-820F-ECC776E0C189}.Release|x64.Build.0 = Release|Any CPU
		{A5A4CA1D-4760-4D10-820F-ECC776E0C189}.Release|x86.ActiveCfg = Release|Any CPU
		{A5A4CA1D-4760-4D10-820F-ECC776E0C189}.Release|x86.Build.0 = Release|Any CPU
	EndGlobalSection
	GlobalSection(SolutionProperties) = preSolution
		HideSolutionNode = FALSE
	EndGlobalSection
	GlobalSection(ExtensibilityGlobals) = postSolution
		SolutionGuid = {44FA270D-6EE3-464B-AA0C-565A7CD7F65A}
	EndGlobalSection
EndGlobal
